
Microsoft Visual Studio Solution File, Format Version 12.00
# Visual Studio 14
VisualStudioVersion = 14.0.25123.0
MinimumVisualStudioVersion = 10.0.40219.1
Project("{FAE04EC0-301F-11D3-BF4B-00C04F79EFBC}") = "Ch13 SayingsApp102", "Ch13 SayingsApp102\Ch13 SayingsApp102.csproj", "{C539E3D5-1970-4A09-8311-30556B50A533}"
EndProject
Global
	GlobalSection(SolutionConfigurationPlatforms) = preSolution
		Debug|Any CPU = Debug|Any CPU
		Release|Any CPU = Release|Any CPU
	EndGlobalSection
	GlobalSection(ProjectConfigurationPlatforms) = postSolution
		{C539E3D5-1970-4A09-8311-30556B50A533}.Debug|Any CPU.ActiveCfg = Debug|Any CPU
		{C539E3D5-1970-4A09-8311-30556B50A533}.Debug|Any CPU.Build.0 = Debug|Any CPU
		{C539E3D5-1970-4A09-8311-30556B50A533}.Release|Any CPU.ActiveCfg = Release|Any CPU
		{C539E3D5-1970-4A09-8311-30556B50A533}.Release|Any CPU.Build.0 = Release|Any CPU
	EndGlobalSection
	GlobalSection(SolutionProperties) = preSolution
		HideSolutionNode = FALSE
	EndGlobalSection
	GlobalSection(TeamFoundationVersionControl) = preSolution
		SccNumberOfProjects = 2
		SccEnterpriseProvider = {4CA58AB2-18FA-4F8D-95D4-32DDF27D184C}
		SccTeamFoundationServer = http://cisteam.otc.edu:8080/tfs/tl0464984
		SccLocalPath0 = .
		SccProjectUniqueName1 = Ch13\u0020SayingsApp102\\Ch13\u0020SayingsApp102.csproj
		SccProjectName1 = Ch13\u0020SayingsApp102
		SccLocalPath1 = Ch13\u0020SayingsApp102
	EndGlobalSection
EndGlobal
