
Microsoft Visual Studio Solution File, Format Version 12.00
# Visual Studio 14
VisualStudioVersion = 14.0.25123.0
MinimumVisualStudioVersion = 10.0.40219.1
Project("{FAE04EC0-301F-11D3-BF4B-00C04F79EFBC}") = "Ch3 Ex13-5 FileAccessApp", "Ch3 Ex13-5 FileAccessApp\Ch3 Ex13-5 FileAccessApp.csproj", "{89206B93-50C0-4B74-A100-C1A56C8F0B6A}"
EndProject
Project("{FAE04EC0-301F-11D3-BF4B-00C04F79EFBC}") = "FileAccessAppWithUsing", "FileAccessAppWithUsing\FileAccessAppWithUsing.csproj", "{15AE43F6-F3D6-4EBF-8529-7207A18223AE}"
EndProject
Project("{FAE04EC0-301F-11D3-BF4B-00C04F79EFBC}") = "Ch 13 Ex 13-10 FileAccessAppDialogs", "Ch 13 Ex 13-10 FileAccessAppDialogs\Ch 13 Ex 13-10 FileAccessAppDialogs.csproj", "{5B970F53-4B0C-4DED-B9EC-05767A0C5893}"
EndProject
Global
	GlobalSection(SolutionConfigurationPlatforms) = preSolution
		Debug|Any CPU = Debug|Any CPU
		Release|Any CPU = Release|Any CPU
	EndGlobalSection
	GlobalSection(ProjectConfigurationPlatforms) = postSolution
		{89206B93-50C0-4B74-A100-C1A56C8F0B6A}.Debug|Any CPU.ActiveCfg = Debug|Any CPU
		{89206B93-50C0-4B74-A100-C1A56C8F0B6A}.Debug|Any CPU.Build.0 = Debug|Any CPU
		{89206B93-50C0-4B74-A100-C1A56C8F0B6A}.Release|Any CPU.ActiveCfg = Release|Any CPU
		{89206B93-50C0-4B74-A100-C1A56C8F0B6A}.Release|Any CPU.Build.0 = Release|Any CPU
		{15AE43F6-F3D6-4EBF-8529-7207A18223AE}.Debug|Any CPU.ActiveCfg = Debug|Any CPU
		{15AE43F6-F3D6-4EBF-8529-7207A18223AE}.Debug|Any CPU.Build.0 = Debug|Any CPU
		{15AE43F6-F3D6-4EBF-8529-7207A18223AE}.Release|Any CPU.ActiveCfg = Release|Any CPU
		{15AE43F6-F3D6-4EBF-8529-7207A18223AE}.Release|Any CPU.Build.0 = Release|Any CPU
		{5B970F53-4B0C-4DED-B9EC-05767A0C5893}.Debug|Any CPU.ActiveCfg = Debug|Any CPU
		{5B970F53-4B0C-4DED-B9EC-05767A0C5893}.Debug|Any CPU.Build.0 = Debug|Any CPU
		{5B970F53-4B0C-4DED-B9EC-05767A0C5893}.Release|Any CPU.ActiveCfg = Release|Any CPU
		{5B970F53-4B0C-4DED-B9EC-05767A0C5893}.Release|Any CPU.Build.0 = Release|Any CPU
	EndGlobalSection
	GlobalSection(SolutionProperties) = preSolution
		HideSolutionNode = FALSE
	EndGlobalSection
	GlobalSection(TeamFoundationVersionControl) = preSolution
		SccNumberOfProjects = 4
		SccEnterpriseProvider = {4CA58AB2-18FA-4F8D-95D4-32DDF27D184C}
		SccTeamFoundationServer = http://cisteam.otc.edu:8080/tfs/tl0464984
		SccLocalPath0 = .
		SccProjectUniqueName1 = Ch3\u0020Ex13-5\u0020FileAccessApp\\Ch3\u0020Ex13-5\u0020FileAccessApp.csproj
		SccProjectName1 = Ch3\u0020Ex13-5\u0020FileAccessApp
		SccLocalPath1 = Ch3\u0020Ex13-5\u0020FileAccessApp
		SccProjectUniqueName2 = FileAccessAppWithUsing\\FileAccessAppWithUsing.csproj
		SccProjectName2 = FileAccessAppWithUsing
		SccLocalPath2 = FileAccessAppWithUsing
		SccProjectUniqueName3 = Ch\u002013\u0020Ex\u002013-10\u0020FileAccessAppDialogs\\Ch\u002013\u0020Ex\u002013-10\u0020FileAccessAppDialogs.csproj
		SccProjectName3 = Ch\u002013\u0020Ex\u002013-10\u0020FileAccessAppDialogs
		SccLocalPath3 = Ch\u002013\u0020Ex\u002013-10\u0020FileAccessAppDialogs
	EndGlobalSection
EndGlobal
